// !$*UTF8*$!
{
	archiveVersion = 1;
	classes = {
	};
	objectVersion = 51;
	objects = {

/* Begin PBXBuildFile section */
		56B7A5C94852F03DE0FF9BD2 /* Pods_PAN.framework in Frameworks */ = {isa = PBXBuildFile; fileRef = 640A3BE8D342A06AA53B0E3A /* Pods_PAN.framework */; };
		681D80DAEFC25A38D4F44F57 /* Pods_PANUITests.framework in Frameworks */ = {isa = PBXBuildFile; fileRef = 2A281368CACCF53BB2573EE2 /* Pods_PANUITests.framework */; };
		9D13DC272446C2F300EAC75C /* ぷち.mp3 in Resources */ = {isa = PBXBuildFile; fileRef = 9D13DC222446C2F300EAC75C /* ぷち.mp3 */; };
		9D13DC282446C2F300EAC75C /* かち.mp3 in Resources */ = {isa = PBXBuildFile; fileRef = 9D13DC232446C2F300EAC75C /* かち.mp3 */; };
		9D13DC292446C2F300EAC75C /* ぽん.mp3 in Resources */ = {isa = PBXBuildFile; fileRef = 9D13DC242446C2F300EAC75C /* ぽん.mp3 */; };
		9D13DC2A2446C2F300EAC75C /* ぴゃっ.mp3 in Resources */ = {isa = PBXBuildFile; fileRef = 9D13DC252446C2F300EAC75C /* ぴゃっ.mp3 */; };
		9D13DC2B2446C2F300EAC75C /* ぷよん.mp3 in Resources */ = {isa = PBXBuildFile; fileRef = 9D13DC262446C2F300EAC75C /* ぷよん.mp3 */; };
		9DD1C2622446CE1200A9CC9B /* Assets.xcassets in Resources */ = {isa = PBXBuildFile; fileRef = 9DD1C2612446CE1100A9CC9B /* Assets.xcassets */; };
		9DDCA96423EF0744000925D7 /* AppDelegate.swift in Sources */ = {isa = PBXBuildFile; fileRef = 9DDCA96323EF0744000925D7 /* AppDelegate.swift */; };
		9DDCA96623EF0744000925D7 /* SceneDelegate.swift in Sources */ = {isa = PBXBuildFile; fileRef = 9DDCA96523EF0744000925D7 /* SceneDelegate.swift */; };
		9DDCA96823EF0744000925D7 /* ViewController.swift in Sources */ = {isa = PBXBuildFile; fileRef = 9DDCA96723EF0744000925D7 /* ViewController.swift */; };
		9DDCA96B23EF0744000925D7 /* Main.storyboard in Resources */ = {isa = PBXBuildFile; fileRef = 9DDCA96923EF0744000925D7 /* Main.storyboard */; };
		9DDCA97023EF0745000925D7 /* LaunchScreen.storyboard in Resources */ = {isa = PBXBuildFile; fileRef = 9DDCA96E23EF0745000925D7 /* LaunchScreen.storyboard */; };
		9DDCA97B23EF0745000925D7 /* PANTests.swift in Sources */ = {isa = PBXBuildFile; fileRef = 9DDCA97A23EF0745000925D7 /* PANTests.swift */; };
		9DDCA98623EF0745000925D7 /* PANUITests.swift in Sources */ = {isa = PBXBuildFile; fileRef = 9DDCA98523EF0745000925D7 /* PANUITests.swift */; };
		A9EAE3144E515536DE49BF6C /* Pods_PANTests.framework in Frameworks */ = {isa = PBXBuildFile; fileRef = 86903808F586E9F210BF9311 /* Pods_PANTests.framework */; };
/* End PBXBuildFile section */

/* Begin PBXContainerItemProxy section */
		9DDCA97723EF0745000925D7 /* PBXContainerItemProxy */ = {
			isa = PBXContainerItemProxy;
			containerPortal = 9DDCA95823EF0744000925D7 /* Project object */;
			proxyType = 1;
			remoteGlobalIDString = 9DDCA95F23EF0744000925D7;
			remoteInfo = PAN;
		};
		9DDCA98223EF0745000925D7 /* PBXContainerItemProxy */ = {
			isa = PBXContainerItemProxy;
			containerPortal = 9DDCA95823EF0744000925D7 /* Project object */;
			proxyType = 1;
			remoteGlobalIDString = 9DDCA95F23EF0744000925D7;
			remoteInfo = PAN;
		};
/* End PBXContainerItemProxy section */

/* Begin PBXFileReference section */
		0E9F949002F0B3B3ED6FC9E1 /* Pods-PANUITests.debug.xcconfig */ = {isa = PBXFileReference; includeInIndex = 1; lastKnownFileType = text.xcconfig; name = "Pods-PANUITests.debug.xcconfig"; path = "Target Support Files/Pods-PANUITests/Pods-PANUITests.debug.xcconfig"; sourceTree = "<group>"; };
		1545EEBD84EFBF3EE41A7C62 /* Pods-PANTests.release.xcconfig */ = {isa = PBXFileReference; includeInIndex = 1; lastKnownFileType = text.xcconfig; name = "Pods-PANTests.release.xcconfig"; path = "Target Support Files/Pods-PANTests/Pods-PANTests.release.xcconfig"; sourceTree = "<group>"; };
		2A281368CACCF53BB2573EE2 /* Pods_PANUITests.framework */ = {isa = PBXFileReference; explicitFileType = wrapper.framework; includeInIndex = 0; path = Pods_PANUITests.framework; sourceTree = BUILT_PRODUCTS_DIR; };
		341A28EF04F0E0CFAD77E640 /* Pods-PANTests.debug.xcconfig */ = {isa = PBXFileReference; includeInIndex = 1; lastKnownFileType = text.xcconfig; name = "Pods-PANTests.debug.xcconfig"; path = "Target Support Files/Pods-PANTests/Pods-PANTests.debug.xcconfig"; sourceTree = "<group>"; };
		400A3DA33E72EDBCDAFF65D2 /* Pods-PAN.debug.xcconfig */ = {isa = PBXFileReference; includeInIndex = 1; lastKnownFileType = text.xcconfig; name = "Pods-PAN.debug.xcconfig"; path = "Target Support Files/Pods-PAN/Pods-PAN.debug.xcconfig"; sourceTree = "<group>"; };
		640A3BE8D342A06AA53B0E3A /* Pods_PAN.framework */ = {isa = PBXFileReference; explicitFileType = wrapper.framework; includeInIndex = 0; path = Pods_PAN.framework; sourceTree = BUILT_PRODUCTS_DIR; };
		86903808F586E9F210BF9311 /* Pods_PANTests.framework */ = {isa = PBXFileReference; explicitFileType = wrapper.framework; includeInIndex = 0; path = Pods_PANTests.framework; sourceTree = BUILT_PRODUCTS_DIR; };
		989DB69C3A7257612E0B00BD /* Pods-PAN.release.xcconfig */ = {isa = PBXFileReference; includeInIndex = 1; lastKnownFileType = text.xcconfig; name = "Pods-PAN.release.xcconfig"; path = "Target Support Files/Pods-PAN/Pods-PAN.release.xcconfig"; sourceTree = "<group>"; };
		9D13DC222446C2F300EAC75C /* ぷち.mp3 */ = {isa = PBXFileReference; lastKnownFileType = audio.mp3; path = "ぷち.mp3"; sourceTree = "<group>"; };
		9D13DC232446C2F300EAC75C /* かち.mp3 */ = {isa = PBXFileReference; lastKnownFileType = audio.mp3; path = "かち.mp3"; sourceTree = "<group>"; };
		9D13DC242446C2F300EAC75C /* ぽん.mp3 */ = {isa = PBXFileReference; lastKnownFileType = audio.mp3; path = "ぽん.mp3"; sourceTree = "<group>"; };
		9D13DC252446C2F300EAC75C /* ぴゃっ.mp3 */ = {isa = PBXFileReference; lastKnownFileType = audio.mp3; path = "ぴゃっ.mp3"; sourceTree = "<group>"; };
		9D13DC262446C2F300EAC75C /* ぷよん.mp3 */ = {isa = PBXFileReference; lastKnownFileType = audio.mp3; path = "ぷよん.mp3"; sourceTree = "<group>"; };
		9DD1C2612446CE1100A9CC9B /* Assets.xcassets */ = {isa = PBXFileReference; lastKnownFileType = folder.assetcatalog; path = Assets.xcassets; sourceTree = "<group>"; };
		9DDCA96023EF0744000925D7 /* MugenPutiPuti.app */ = {isa = PBXFileReference; explicitFileType = wrapper.application; includeInIndex = 0; path = MugenPutiPuti.app; sourceTree = BUILT_PRODUCTS_DIR; };
		9DDCA96323EF0744000925D7 /* AppDelegate.swift */ = {isa = PBXFileReference; lastKnownFileType = sourcecode.swift; path = AppDelegate.swift; sourceTree = "<group>"; };
		9DDCA96523EF0744000925D7 /* SceneDelegate.swift */ = {isa = PBXFileReference; lastKnownFileType = sourcecode.swift; path = SceneDelegate.swift; sourceTree = "<group>"; };
		9DDCA96723EF0744000925D7 /* ViewController.swift */ = {isa = PBXFileReference; lastKnownFileType = sourcecode.swift; path = ViewController.swift; sourceTree = "<group>"; };
		9DDCA96A23EF0744000925D7 /* Base */ = {isa = PBXFileReference; lastKnownFileType = file.storyboard; name = Base; path = Base.lproj/Main.storyboard; sourceTree = "<group>"; };
		9DDCA96F23EF0745000925D7 /* Base */ = {isa = PBXFileReference; lastKnownFileType = file.storyboard; name = Base; path = Base.lproj/LaunchScreen.storyboard; sourceTree = "<group>"; };
		9DDCA97123EF0745000925D7 /* Info.plist */ = {isa = PBXFileReference; lastKnownFileType = text.plist.xml; path = Info.plist; sourceTree = "<group>"; };
		9DDCA97623EF0745000925D7 /* PANTests.xctest */ = {isa = PBXFileReference; explicitFileType = wrapper.cfbundle; includeInIndex = 0; path = PANTests.xctest; sourceTree = BUILT_PRODUCTS_DIR; };
		9DDCA97A23EF0745000925D7 /* PANTests.swift */ = {isa = PBXFileReference; lastKnownFileType = sourcecode.swift; path = PANTests.swift; sourceTree = "<group>"; };
		9DDCA97C23EF0745000925D7 /* Info.plist */ = {isa = PBXFileReference; lastKnownFileType = text.plist.xml; path = Info.plist; sourceTree = "<group>"; };
		9DDCA98123EF0745000925D7 /* PANUITests.xctest */ = {isa = PBXFileReference; explicitFileType = wrapper.cfbundle; includeInIndex = 0; path = PANUITests.xctest; sourceTree = BUILT_PRODUCTS_DIR; };
		9DDCA98523EF0745000925D7 /* PANUITests.swift */ = {isa = PBXFileReference; lastKnownFileType = sourcecode.swift; path = PANUITests.swift; sourceTree = "<group>"; };
		9DDCA98723EF0745000925D7 /* Info.plist */ = {isa = PBXFileReference; lastKnownFileType = text.plist.xml; path = Info.plist; sourceTree = "<group>"; };
		FA0103ABBCB3C9A6381817B3 /* Pods-PANUITests.release.xcconfig */ = {isa = PBXFileReference; includeInIndex = 1; lastKnownFileType = text.xcconfig; name = "Pods-PANUITests.release.xcconfig"; path = "Target Support Files/Pods-PANUITests/Pods-PANUITests.release.xcconfig"; sourceTree = "<group>"; };
/* End PBXFileReference section */

/* Begin PBXFrameworksBuildPhase section */
		9DDCA95D23EF0744000925D7 /* Frameworks */ = {
			isa = PBXFrameworksBuildPhase;
			buildActionMask = 2147483647;
			files = (
				56B7A5C94852F03DE0FF9BD2 /* Pods_PAN.framework in Frameworks */,
			);
			runOnlyForDeploymentPostprocessing = 0;
		};
		9DDCA97323EF0745000925D7 /* Frameworks */ = {
			isa = PBXFrameworksBuildPhase;
			buildActionMask = 2147483647;
			files = (
				A9EAE3144E515536DE49BF6C /* Pods_PANTests.framework in Frameworks */,
			);
			runOnlyForDeploymentPostprocessing = 0;
		};
		9DDCA97E23EF0745000925D7 /* Frameworks */ = {
			isa = PBXFrameworksBuildPhase;
			buildActionMask = 2147483647;
			files = (
				681D80DAEFC25A38D4F44F57 /* Pods_PANUITests.framework in Frameworks */,
			);
			runOnlyForDeploymentPostprocessing = 0;
		};
/* End PBXFrameworksBuildPhase section */

/* Begin PBXGroup section */
		6AA41C0CF9D21781DF0815FC /* Pods */ = {
			isa = PBXGroup;
			children = (
				400A3DA33E72EDBCDAFF65D2 /* Pods-PAN.debug.xcconfig */,
				989DB69C3A7257612E0B00BD /* Pods-PAN.release.xcconfig */,
				341A28EF04F0E0CFAD77E640 /* Pods-PANTests.debug.xcconfig */,
				1545EEBD84EFBF3EE41A7C62 /* Pods-PANTests.release.xcconfig */,
				0E9F949002F0B3B3ED6FC9E1 /* Pods-PANUITests.debug.xcconfig */,
				FA0103ABBCB3C9A6381817B3 /* Pods-PANUITests.release.xcconfig */,
			);
			path = Pods;
			sourceTree = "<group>";
		};
		9DDCA95723EF0744000925D7 = {
			isa = PBXGroup;
			children = (
				9DDCA96223EF0744000925D7 /* PAN */,
				9DDCA97923EF0745000925D7 /* PANTests */,
				9DDCA98423EF0745000925D7 /* PANUITests */,
				9DDCA96123EF0744000925D7 /* Products */,
				6AA41C0CF9D21781DF0815FC /* Pods */,
				A311A99A0955FD324806B2CD /* Frameworks */,
			);
			sourceTree = "<group>";
		};
		9DDCA96123EF0744000925D7 /* Products */ = {
			isa = PBXGroup;
			children = (
				9DDCA96023EF0744000925D7 /* MugenPutiPuti.app */,
				9DDCA97623EF0745000925D7 /* PANTests.xctest */,
				9DDCA98123EF0745000925D7 /* PANUITests.xctest */,
			);
			name = Products;
			sourceTree = "<group>";
		};
		9DDCA96223EF0744000925D7 /* PAN */ = {
			isa = PBXGroup;
			children = (
				9D13DC232446C2F300EAC75C /* かち.mp3 */,
				9D13DC252446C2F300EAC75C /* ぴゃっ.mp3 */,
				9D13DC222446C2F300EAC75C /* ぷち.mp3 */,
				9D13DC262446C2F300EAC75C /* ぷよん.mp3 */,
				9D13DC242446C2F300EAC75C /* ぽん.mp3 */,
				9DDCA96323EF0744000925D7 /* AppDelegate.swift */,
				9DDCA96523EF0744000925D7 /* SceneDelegate.swift */,
				9DDCA96723EF0744000925D7 /* ViewController.swift */,
				9DD1C2612446CE1100A9CC9B /* Assets.xcassets */,
				9DDCA96923EF0744000925D7 /* Main.storyboard */,
				9DDCA96E23EF0745000925D7 /* LaunchScreen.storyboard */,
				9DDCA97123EF0745000925D7 /* Info.plist */,
			);
			path = PAN;
			sourceTree = "<group>";
		};
		9DDCA97923EF0745000925D7 /* PANTests */ = {
			isa = PBXGroup;
			children = (
				9DDCA97A23EF0745000925D7 /* PANTests.swift */,
				9DDCA97C23EF0745000925D7 /* Info.plist */,
			);
			path = PANTests;
			sourceTree = "<group>";
		};
		9DDCA98423EF0745000925D7 /* PANUITests */ = {
			isa = PBXGroup;
			children = (
				9DDCA98523EF0745000925D7 /* PANUITests.swift */,
				9DDCA98723EF0745000925D7 /* Info.plist */,
			);
			path = PANUITests;
			sourceTree = "<group>";
		};
		A311A99A0955FD324806B2CD /* Frameworks */ = {
			isa = PBXGroup;
			children = (
				640A3BE8D342A06AA53B0E3A /* Pods_PAN.framework */,
				86903808F586E9F210BF9311 /* Pods_PANTests.framework */,
				2A281368CACCF53BB2573EE2 /* Pods_PANUITests.framework */,
			);
			name = Frameworks;
			sourceTree = "<group>";
		};
/* End PBXGroup section */

/* Begin PBXNativeTarget section */
		9DDCA95F23EF0744000925D7 /* PAN */ = {
			isa = PBXNativeTarget;
			buildConfigurationList = 9DDCA98A23EF0745000925D7 /* Build configuration list for PBXNativeTarget "PAN" */;
			buildPhases = (
				2FF5699D48DA87CCC63DAD8E /* [CP] Check Pods Manifest.lock */,
				9DDCA95C23EF0744000925D7 /* Sources */,
				9DDCA95D23EF0744000925D7 /* Frameworks */,
				9DDCA95E23EF0744000925D7 /* Resources */,
				25EDD828C04B84E57500A43B /* [CP] Embed Pods Frameworks */,
			);
			buildRules = (
			);
			dependencies = (
			);
			name = PAN;
			productName = PAN;
			productReference = 9DDCA96023EF0744000925D7 /* MugenPutiPuti.app */;
			productType = "com.apple.product-type.application";
		};
		9DDCA97523EF0745000925D7 /* PANTests */ = {
			isa = PBXNativeTarget;
			buildConfigurationList = 9DDCA98D23EF0745000925D7 /* Build configuration list for PBXNativeTarget "PANTests" */;
			buildPhases = (
				918CF403619FA8CD88A05BC2 /* [CP] Check Pods Manifest.lock */,
				9DDCA97223EF0745000925D7 /* Sources */,
				9DDCA97323EF0745000925D7 /* Frameworks */,
				9DDCA97423EF0745000925D7 /* Resources */,
			);
			buildRules = (
			);
			dependencies = (
				9DDCA97823EF0745000925D7 /* PBXTargetDependency */,
			);
			name = PANTests;
			productName = PANTests;
			productReference = 9DDCA97623EF0745000925D7 /* PANTests.xctest */;
			productType = "com.apple.product-type.bundle.unit-test";
		};
		9DDCA98023EF0745000925D7 /* PANUITests */ = {
			isa = PBXNativeTarget;
			buildConfigurationList = 9DDCA99023EF0745000925D7 /* Build configuration list for PBXNativeTarget "PANUITests" */;
			buildPhases = (
				C4A71DB5A188B10034C32076 /* [CP] Check Pods Manifest.lock */,
				9DDCA97D23EF0745000925D7 /* Sources */,
				9DDCA97E23EF0745000925D7 /* Frameworks */,
				9DDCA97F23EF0745000925D7 /* Resources */,
			);
			buildRules = (
			);
			dependencies = (
				9DDCA98323EF0745000925D7 /* PBXTargetDependency */,
			);
			name = PANUITests;
			productName = PANUITests;
			productReference = 9DDCA98123EF0745000925D7 /* PANUITests.xctest */;
			productType = "com.apple.product-type.bundle.ui-testing";
		};
/* End PBXNativeTarget section */

/* Begin PBXProject section */
		9DDCA95823EF0744000925D7 /* Project object */ = {
			isa = PBXProject;
			attributes = {
				LastSwiftUpdateCheck = 1130;
				LastUpgradeCheck = 1130;
				ORGANIZATIONNAME = "二宮啓";
				TargetAttributes = {
					9DDCA95F23EF0744000925D7 = {
						CreatedOnToolsVersion = 11.3;
					};
					9DDCA97523EF0745000925D7 = {
						CreatedOnToolsVersion = 11.3;
						TestTargetID = 9DDCA95F23EF0744000925D7;
					};
					9DDCA98023EF0745000925D7 = {
						CreatedOnToolsVersion = 11.3;
						TestTargetID = 9DDCA95F23EF0744000925D7;
					};
				};
			};
			buildConfigurationList = 9DDCA95B23EF0744000925D7 /* Build configuration list for PBXProject "PAN" */;
			compatibilityVersion = "Xcode 9.3";
			developmentRegion = en;
			hasScannedForEncodings = 0;
			knownRegions = (
				en,
				Base,
			);
			mainGroup = 9DDCA95723EF0744000925D7;
			productRefGroup = 9DDCA96123EF0744000925D7 /* Products */;
			projectDirPath = "";
			projectRoot = "";
			targets = (
				9DDCA95F23EF0744000925D7 /* PAN */,
				9DDCA97523EF0745000925D7 /* PANTests */,
				9DDCA98023EF0745000925D7 /* PANUITests */,
			);
		};
/* End PBXProject section */

/* Begin PBXResourcesBuildPhase section */
		9DDCA95E23EF0744000925D7 /* Resources */ = {
			isa = PBXResourcesBuildPhase;
			buildActionMask = 2147483647;
			files = (
				9D13DC2A2446C2F300EAC75C /* ぴゃっ.mp3 in Resources */,
				9D13DC292446C2F300EAC75C /* ぽん.mp3 in Resources */,
				9D13DC282446C2F300EAC75C /* かち.mp3 in Resources */,
				9D13DC272446C2F300EAC75C /* ぷち.mp3 in Resources */,
				9D13DC2B2446C2F300EAC75C /* ぷよん.mp3 in Resources */,
				9DDCA97023EF0745000925D7 /* LaunchScreen.storyboard in Resources */,
				9DD1C2622446CE1200A9CC9B /* Assets.xcassets in Resources */,
				9DDCA96B23EF0744000925D7 /* Main.storyboard in Resources */,
			);
			runOnlyForDeploymentPostprocessing = 0;
		};
		9DDCA97423EF0745000925D7 /* Resources */ = {
			isa = PBXResourcesBuildPhase;
			buildActionMask = 2147483647;
			files = (
			);
			runOnlyForDeploymentPostprocessing = 0;
		};
		9DDCA97F23EF0745000925D7 /* Resources */ = {
			isa = PBXResourcesBuildPhase;
			buildActionMask = 2147483647;
			files = (
			);
			runOnlyForDeploymentPostprocessing = 0;
		};
/* End PBXResourcesBuildPhase section */

/* Begin PBXShellScriptBuildPhase section */
		25EDD828C04B84E57500A43B /* [CP] Embed Pods Frameworks */ = {
			isa = PBXShellScriptBuildPhase;
			buildActionMask = 2147483647;
			files = (
			);
			inputFileListPaths = (
				"${PODS_ROOT}/Target Support Files/Pods-PAN/Pods-PAN-frameworks-${CONFIGURATION}-input-files.xcfilelist",
			);
			name = "[CP] Embed Pods Frameworks";
			outputFileListPaths = (
				"${PODS_ROOT}/Target Support Files/Pods-PAN/Pods-PAN-frameworks-${CONFIGURATION}-output-files.xcfilelist",
			);
			runOnlyForDeploymentPostprocessing = 0;
			shellPath = /bin/sh;
			shellScript = "\"${PODS_ROOT}/Target Support Files/Pods-PAN/Pods-PAN-frameworks.sh\"\n";
			showEnvVarsInLog = 0;
		};
		2FF5699D48DA87CCC63DAD8E /* [CP] Check Pods Manifest.lock */ = {
			isa = PBXShellScriptBuildPhase;
			buildActionMask = 2147483647;
			files = (
			);
			inputFileListPaths = (
			);
			inputPaths = (
				"${PODS_PODFILE_DIR_PATH}/Podfile.lock",
				"${PODS_ROOT}/Manifest.lock",
			);
			name = "[CP] Check Pods Manifest.lock";
			outputFileListPaths = (
			);
			outputPaths = (
				"$(DERIVED_FILE_DIR)/Pods-PAN-checkManifestLockResult.txt",
			);
			runOnlyForDeploymentPostprocessing = 0;
			shellPath = /bin/sh;
			shellScript = "diff \"${PODS_PODFILE_DIR_PATH}/Podfile.lock\" \"${PODS_ROOT}/Manifest.lock\" > /dev/null\nif [ $? != 0 ] ; then\n    # print error to STDERR\n    echo \"error: The sandbox is not in sync with the Podfile.lock. Run 'pod install' or update your CocoaPods installation.\" >&2\n    exit 1\nfi\n# This output is used by Xcode 'outputs' to avoid re-running this script phase.\necho \"SUCCESS\" > \"${SCRIPT_OUTPUT_FILE_0}\"\n";
			showEnvVarsInLog = 0;
		};
		918CF403619FA8CD88A05BC2 /* [CP] Check Pods Manifest.lock */ = {
			isa = PBXShellScriptBuildPhase;
			buildActionMask = 2147483647;
			files = (
			);
			inputFileListPaths = (
			);
			inputPaths = (
				"${PODS_PODFILE_DIR_PATH}/Podfile.lock",
				"${PODS_ROOT}/Manifest.lock",
			);
			name = "[CP] Check Pods Manifest.lock";
			outputFileListPaths = (
			);
			outputPaths = (
				"$(DERIVED_FILE_DIR)/Pods-PANTests-checkManifestLockResult.txt",
			);
			runOnlyForDeploymentPostprocessing = 0;
			shellPath = /bin/sh;
			shellScript = "diff \"${PODS_PODFILE_DIR_PATH}/Podfile.lock\" \"${PODS_ROOT}/Manifest.lock\" > /dev/null\nif [ $? != 0 ] ; then\n    # print error to STDERR\n    echo \"error: The sandbox is not in sync with the Podfile.lock. Run 'pod install' or update your CocoaPods installation.\" >&2\n    exit 1\nfi\n# This output is used by Xcode 'outputs' to avoid re-running this script phase.\necho \"SUCCESS\" > \"${SCRIPT_OUTPUT_FILE_0}\"\n";
			showEnvVarsInLog = 0;
		};
		C4A71DB5A188B10034C32076 /* [CP] Check Pods Manifest.lock */ = {
			isa = PBXShellScriptBuildPhase;
			buildActionMask = 2147483647;
			files = (
			);
			inputFileListPaths = (
			);
			inputPaths = (
				"${PODS_PODFILE_DIR_PATH}/Podfile.lock",
				"${PODS_ROOT}/Manifest.lock",
			);
			name = "[CP] Check Pods Manifest.lock";
			outputFileListPaths = (
			);
			outputPaths = (
				"$(DERIVED_FILE_DIR)/Pods-PANUITests-checkManifestLockResult.txt",
			);
			runOnlyForDeploymentPostprocessing = 0;
			shellPath = /bin/sh;
			shellScript = "diff \"${PODS_PODFILE_DIR_PATH}/Podfile.lock\" \"${PODS_ROOT}/Manifest.lock\" > /dev/null\nif [ $? != 0 ] ; then\n    # print error to STDERR\n    echo \"error: The sandbox is not in sync with the Podfile.lock. Run 'pod install' or update your CocoaPods installation.\" >&2\n    exit 1\nfi\n# This output is used by Xcode 'outputs' to avoid re-running this script phase.\necho \"SUCCESS\" > \"${SCRIPT_OUTPUT_FILE_0}\"\n";
			showEnvVarsInLog = 0;
		};
/* End PBXShellScriptBuildPhase section */

/* Begin PBXSourcesBuildPhase section */
		9DDCA95C23EF0744000925D7 /* Sources */ = {
			isa = PBXSourcesBuildPhase;
			buildActionMask = 2147483647;
			files = (
				9DDCA96823EF0744000925D7 /* ViewController.swift in Sources */,
				9DDCA96423EF0744000925D7 /* AppDelegate.swift in Sources */,
				9DDCA96623EF0744000925D7 /* SceneDelegate.swift in Sources */,
			);
			runOnlyForDeploymentPostprocessing = 0;
		};
		9DDCA97223EF0745000925D7 /* Sources */ = {
			isa = PBXSourcesBuildPhase;
			buildActionMask = 2147483647;
			files = (
				9DDCA97B23EF0745000925D7 /* PANTests.swift in Sources */,
			);
			runOnlyForDeploymentPostprocessing = 0;
		};
		9DDCA97D23EF0745000925D7 /* Sources */ = {
			isa = PBXSourcesBuildPhase;
			buildActionMask = 2147483647;
			files = (
				9DDCA98623EF0745000925D7 /* PANUITests.swift in Sources */,
			);
			runOnlyForDeploymentPostprocessing = 0;
		};
/* End PBXSourcesBuildPhase section */

/* Begin PBXTargetDependency section */
		9DDCA97823EF0745000925D7 /* PBXTargetDependency */ = {
			isa = PBXTargetDependency;
			target = 9DDCA95F23EF0744000925D7 /* PAN */;
			targetProxy = 9DDCA97723EF0745000925D7 /* PBXContainerItemProxy */;
		};
		9DDCA98323EF0745000925D7 /* PBXTargetDependency */ = {
			isa = PBXTargetDependency;
			target = 9DDCA95F23EF0744000925D7 /* PAN */;
			targetProxy = 9DDCA98223EF0745000925D7 /* PBXContainerItemProxy */;
		};
/* End PBXTargetDependency section */

/* Begin PBXVariantGroup section */
		9DDCA96923EF0744000925D7 /* Main.storyboard */ = {
			isa = PBXVariantGroup;
			children = (
				9DDCA96A23EF0744000925D7 /* Base */,
			);
			name = Main.storyboard;
			sourceTree = "<group>";
		};
		9DDCA96E23EF0745000925D7 /* LaunchScreen.storyboard */ = {
			isa = PBXVariantGroup;
			children = (
				9DDCA96F23EF0745000925D7 /* Base */,
			);
			name = LaunchScreen.storyboard;
			sourceTree = "<group>";
		};
/* End PBXVariantGroup section */

/* Begin XCBuildConfiguration section */
		9DDCA98823EF0745000925D7 /* Debug */ = {
			isa = XCBuildConfiguration;
			buildSettings = {
				ALWAYS_SEARCH_USER_PATHS = NO;
				CLANG_ANALYZER_NONNULL = YES;
				CLANG_ANALYZER_NUMBER_OBJECT_CONVERSION = YES_AGGRESSIVE;
				CLANG_CXX_LANGUAGE_STANDARD = "gnu++14";
				CLANG_CXX_LIBRARY = "libc++";
				CLANG_ENABLE_MODULES = YES;
				CLANG_ENABLE_OBJC_ARC = YES;
				CLANG_ENABLE_OBJC_WEAK = YES;
				CLANG_WARN_BLOCK_CAPTURE_AUTORELEASING = YES;
				CLANG_WARN_BOOL_CONVERSION = YES;
				CLANG_WARN_COMMA = YES;
				CLANG_WARN_CONSTANT_CONVERSION = YES;
				CLANG_WARN_DEPRECATED_OBJC_IMPLEMENTATIONS = YES;
				CLANG_WARN_DIRECT_OBJC_ISA_USAGE = YES_ERROR;
				CLANG_WARN_DOCUMENTATION_COMMENTS = YES;
				CLANG_WARN_EMPTY_BODY = YES;
				CLANG_WARN_ENUM_CONVERSION = YES;
				CLANG_WARN_INFINITE_RECURSION = YES;
				CLANG_WARN_INT_CONVERSION = YES;
				CLANG_WARN_NON_LITERAL_NULL_CONVERSION = YES;
				CLANG_WARN_OBJC_IMPLICIT_RETAIN_SELF = YES;
				CLANG_WARN_OBJC_LITERAL_CONVERSION = YES;
				CLANG_WARN_OBJC_ROOT_CLASS = YES_ERROR;
				CLANG_WARN_RANGE_LOOP_ANALYSIS = YES;
				CLANG_WARN_STRICT_PROTOTYPES = YES;
				CLANG_WARN_SUSPICIOUS_MOVE = YES;
				CLANG_WARN_UNGUARDED_AVAILABILITY = YES_AGGRESSIVE;
				CLANG_WARN_UNREACHABLE_CODE = YES;
				CLANG_WARN__DUPLICATE_METHOD_MATCH = YES;
				COPY_PHASE_STRIP = NO;
				DEBUG_INFORMATION_FORMAT = dwarf;
				ENABLE_STRICT_OBJC_MSGSEND = YES;
				ENABLE_TESTABILITY = YES;
				GCC_C_LANGUAGE_STANDARD = gnu11;
				GCC_DYNAMIC_NO_PIC = NO;
				GCC_NO_COMMON_BLOCKS = YES;
				GCC_OPTIMIZATION_LEVEL = 0;
				GCC_PREPROCESSOR_DEFINITIONS = (
					"DEBUG=1",
					"$(inherited)",
				);
				GCC_WARN_64_TO_32_BIT_CONVERSION = YES;
				GCC_WARN_ABOUT_RETURN_TYPE = YES_ERROR;
				GCC_WARN_UNDECLARED_SELECTOR = YES;
				GCC_WARN_UNINITIALIZED_AUTOS = YES_AGGRESSIVE;
				GCC_WARN_UNUSED_FUNCTION = YES;
				GCC_WARN_UNUSED_VARIABLE = YES;
				IPHONEOS_DEPLOYMENT_TARGET = 13.2;
				MTL_ENABLE_DEBUG_INFO = INCLUDE_SOURCE;
				MTL_FAST_MATH = YES;
				ONLY_ACTIVE_ARCH = YES;
				SDKROOT = iphoneos;
				SWIFT_ACTIVE_COMPILATION_CONDITIONS = DEBUG;
				SWIFT_OPTIMIZATION_LEVEL = "-Onone";
			};
			name = Debug;
		};
		9DDCA98923EF0745000925D7 /* Release */ = {
			isa = XCBuildConfiguration;
			buildSettings = {
				ALWAYS_SEARCH_USER_PATHS = NO;
				CLANG_ANALYZER_NONNULL = YES;
				CLANG_ANALYZER_NUMBER_OBJECT_CONVERSION = YES_AGGRESSIVE;
				CLANG_CXX_LANGUAGE_STANDARD = "gnu++14";
				CLANG_CXX_LIBRARY = "libc++";
				CLANG_ENABLE_MODULES = YES;
				CLANG_ENABLE_OBJC_ARC = YES;
				CLANG_ENABLE_OBJC_WEAK = YES;
				CLANG_WARN_BLOCK_CAPTURE_AUTORELEASING = YES;
				CLANG_WARN_BOOL_CONVERSION = YES;
				CLANG_WARN_COMMA = YES;
				CLANG_WARN_CONSTANT_CONVERSION = YES;
				CLANG_WARN_DEPRECATED_OBJC_IMPLEMENTATIONS = YES;
				CLANG_WARN_DIRECT_OBJC_ISA_USAGE = YES_ERROR;
				CLANG_WARN_DOCUMENTATION_COMMENTS = YES;
				CLANG_WARN_EMPTY_BODY = YES;
				CLANG_WARN_ENUM_CONVERSION = YES;
				CLANG_WARN_INFINITE_RECURSION = YES;
				CLANG_WARN_INT_CONVERSION = YES;
				CLANG_WARN_NON_LITERAL_NULL_CONVERSION = YES;
				CLANG_WARN_OBJC_IMPLICIT_RETAIN_SELF = YES;
				CLANG_WARN_OBJC_LITERAL_CONVERSION = YES;
				CLANG_WARN_OBJC_ROOT_CLASS = YES_ERROR;
				CLANG_WARN_RANGE_LOOP_ANALYSIS = YES;
				CLANG_WARN_STRICT_PROTOTYPES = YES;
				CLANG_WARN_SUSPICIOUS_MOVE = YES;
				CLANG_WARN_UNGUARDED_AVAILABILITY = YES_AGGRESSIVE;
				CLANG_WARN_UNREACHABLE_CODE = YES;
				CLANG_WARN__DUPLICATE_METHOD_MATCH = YES;
				COPY_PHASE_STRIP = NO;
				DEBUG_INFORMATION_FORMAT = "dwarf-with-dsym";
				ENABLE_NS_ASSERTIONS = NO;
				ENABLE_STRICT_OBJC_MSGSEND = YES;
				GCC_C_LANGUAGE_STANDARD = gnu11;
				GCC_NO_COMMON_BLOCKS = YES;
				GCC_WARN_64_TO_32_BIT_CONVERSION = YES;
				GCC_WARN_ABOUT_RETURN_TYPE = YES_ERROR;
				GCC_WARN_UNDECLARED_SELECTOR = YES;
				GCC_WARN_UNINITIALIZED_AUTOS = YES_AGGRESSIVE;
				GCC_WARN_UNUSED_FUNCTION = YES;
				GCC_WARN_UNUSED_VARIABLE = YES;
				IPHONEOS_DEPLOYMENT_TARGET = 13.2;
				MTL_ENABLE_DEBUG_INFO = NO;
				MTL_FAST_MATH = YES;
				SDKROOT = iphoneos;
				SWIFT_COMPILATION_MODE = wholemodule;
				SWIFT_OPTIMIZATION_LEVEL = "-O";
				VALIDATE_PRODUCT = YES;
			};
			name = Release;
		};
		9DDCA98B23EF0745000925D7 /* Debug */ = {
			isa = XCBuildConfiguration;
			baseConfigurationReference = 400A3DA33E72EDBCDAFF65D2 /* Pods-PAN.debug.xcconfig */;
			buildSettings = {
				ASSETCATALOG_COMPILER_APPICON_NAME = AppIcon;
				CODE_SIGN_STYLE = Automatic;
				CURRENT_PROJECT_VERSION = 1;
				DEVELOPMENT_TEAM = LD239J59KZ;
				INFOPLIST_FILE = PAN/Info.plist;
				LD_RUNPATH_SEARCH_PATHS = (
					"$(inherited)",
					"@executable_path/Frameworks",
				);
				MARKETING_VERSION = 1.3.0;
				PRODUCT_BUNDLE_IDENTIFIER = nino.MugenPutiPuti;
				PRODUCT_NAME = MugenPutiPuti;
				SWIFT_VERSION = 5.0;
				TARGETED_DEVICE_FAMILY = "1,2";
			};
			name = Debug;
		};
		9DDCA98C23EF0745000925D7 /* Release */ = {
			isa = XCBuildConfiguration;
			baseConfigurationReference = 989DB69C3A7257612E0B00BD /* Pods-PAN.release.xcconfig */;
			buildSettings = {
				ASSETCATALOG_COMPILER_APPICON_NAME = AppIcon;
				CODE_SIGN_STYLE = Automatic;
				CURRENT_PROJECT_VERSION = 1;
				DEVELOPMENT_TEAM = LD239J59KZ;
				INFOPLIST_FILE = PAN/Info.plist;
				LD_RUNPATH_SEARCH_PATHS = (
					"$(inherited)",
					"@executable_path/Frameworks",
				);
				MARKETING_VERSION = 1.3.0;
				PRODUCT_BUNDLE_IDENTIFIER = nino.MugenPutiPuti;
				PRODUCT_NAME = MugenPutiPuti;
				SWIFT_VERSION = 5.0;
				TARGETED_DEVICE_FAMILY = "1,2";
			};
			name = Release;
		};
		9DDCA98E23EF0745000925D7 /* Debug */ = {
			isa = XCBuildConfiguration;
			baseConfigurationReference = 341A28EF04F0E0CFAD77E640 /* Pods-PANTests.debug.xcconfig */;
			buildSettings = {
				ALWAYS_EMBED_SWIFT_STANDARD_LIBRARIES = YES;
				BUNDLE_LOADER = "$(TEST_HOST)";
				CODE_SIGN_STYLE = Automatic;
				DEVELOPMENT_TEAM = L34K8NAVRA;
				INFOPLIST_FILE = PANTests/Info.plist;
				IPHONEOS_DEPLOYMENT_TARGET = 13.2;
				LD_RUNPATH_SEARCH_PATHS = (
					"$(inherited)",
					"@executable_path/Frameworks",
					"@loader_path/Frameworks",
				);
				PRODUCT_BUNDLE_IDENTIFIER = nino.PANTests;
				PRODUCT_NAME = "$(TARGET_NAME)";
				SWIFT_VERSION = 5.0;
				TARGETED_DEVICE_FAMILY = "1,2";
				TEST_HOST = "$(BUILT_PRODUCTS_DIR)/PAN.app/PAN";
			};
			name = Debug;
		};
		9DDCA98F23EF0745000925D7 /* Release */ = {
			isa = XCBuildConfiguration;
			baseConfigurationReference = 1545EEBD84EFBF3EE41A7C62 /* Pods-PANTests.release.xcconfig */;
			buildSettings = {
				ALWAYS_EMBED_SWIFT_STANDARD_LIBRARIES = YES;
				BUNDLE_LOADER = "$(TEST_HOST)";
				CODE_SIGN_STYLE = Automatic;
				DEVELOPMENT_TEAM = L34K8NAVRA;
				INFOPLIST_FILE = PANTests/Info.plist;
				IPHONEOS_DEPLOYMENT_TARGET = 13.2;
				LD_RUNPATH_SEARCH_PATHS = (
					"$(inherited)",
					"@executable_path/Frameworks",
					"@loader_path/Frameworks",
				);
				PRODUCT_BUNDLE_IDENTIFIER = nino.PANTests;
				PRODUCT_NAME = "$(TARGET_NAME)";
				SWIFT_VERSION = 5.0;
				TARGETED_DEVICE_FAMILY = "1,2";
				TEST_HOST = "$(BUILT_PRODUCTS_DIR)/PAN.app/PAN";
			};
			name = Release;
		};
		9DDCA99123EF0745000925D7 /* Debug */ = {
			isa = XCBuildConfiguration;
			baseConfigurationReference = 0E9F949002F0B3B3ED6FC9E1 /* Pods-PANUITests.debug.xcconfig */;
			buildSettings = {
				ALWAYS_EMBED_SWIFT_STANDARD_LIBRARIES = YES;
				CODE_SIGN_STYLE = Automatic;
				DEVELOPMENT_TEAM = L34K8NAVRA;
				INFOPLIST_FILE = PANUITests/Info.plist;
				LD_RUNPATH_SEARCH_PATHS = (
					"$(inherited)",
					"@executable_path/Frameworks",
					"@loader_path/Frameworks",
				);
				PRODUCT_BUNDLE_IDENTIFIER = nino.PANUITests;
				PRODUCT_NAME = "$(TARGET_NAME)";
				SWIFT_VERSION = 5.0;
				TARGETED_DEVICE_FAMILY = "1,2";
				TEST_TARGET_NAME = PAN;
			};
			name = Debug;
		};
		9DDCA99223EF0745000925D7 /* Release */ = {
			isa = XCBuildConfiguration;
			baseConfigurationReference = FA0103ABBCB3C9A6381817B3 /* Pods-PANUITests.release.xcconfig */;
			buildSettings = {
				ALWAYS_EMBED_SWIFT_STANDARD_LIBRARIES = YES;
				CODE_SIGN_STYLE = Automatic;
				DEVELOPMENT_TEAM = L34K8NAVRA;
				INFOPLIST_FILE = PANUITests/Info.plist;
				LD_RUNPATH_SEARCH_PATHS = (
					"$(inherited)",
					"@executable_path/Frameworks",
					"@loader_path/Frameworks",
				);
				PRODUCT_BUNDLE_IDENTIFIER = nino.PANUITests;
				PRODUCT_NAME = "$(TARGET_NAME)";
				SWIFT_VERSION = 5.0;
				TARGETED_DEVICE_FAMILY = "1,2";
				TEST_TARGET_NAME = PAN;
			};
			name = Release;
		};
/* End XCBuildConfiguration section */

/* Begin XCConfigurationList section */
		9DDCA95B23EF0744000925D7 /* Build configuration list for PBXProject "PAN" */ = {
			isa = XCConfigurationList;
			buildConfigurations = (
				9DDCA98823EF0745000925D7 /* Debug */,
				9DDCA98923EF0745000925D7 /* Release */,
			);
			defaultConfigurationIsVisible = 0;
			defaultConfigurationName = Release;
		};
		9DDCA98A23EF0745000925D7 /* Build configuration list for PBXNativeTarget "PAN" */ = {
			isa = XCConfigurationList;
			buildConfigurations = (
				9DDCA98B23EF0745000925D7 /* Debug */,
				9DDCA98C23EF0745000925D7 /* Release */,
			);
			defaultConfigurationIsVisible = 0;
			defaultConfigurationName = Release;
		};
		9DDCA98D23EF0745000925D7 /* Build configuration list for PBXNativeTarget "PANTests" */ = {
			isa = XCConfigurationList;
			buildConfigurations = (
				9DDCA98E23EF0745000925D7 /* Debug */,
				9DDCA98F23EF0745000925D7 /* Release */,
			);
			defaultConfigurationIsVisible = 0;
			defaultConfigurationName = Release;
		};
		9DDCA99023EF0745000925D7 /* Build configuration list for PBXNativeTarget "PANUITests" */ = {
			isa = XCConfigurationList;
			buildConfigurations = (
				9DDCA99123EF0745000925D7 /* Debug */,
				9DDCA99223EF0745000925D7 /* Release */,
			);
			defaultConfigurationIsVisible = 0;
			defaultConfigurationName = Release;
		};
/* End XCConfigurationList section */
	};
	rootObject = 9DDCA95823EF0744000925D7 /* Project object */;
}
