// !$*UTF8*$!
{
	archiveVersion = 1;
	classes = {
	};
	objectVersion = 50;
	objects = {

/* Begin PBXBuildFile section */
		9DC38D6B23EF096C003EABD8 /* kati.mp3 in Resources */ = {isa = PBXBuildFile; fileRef = 9DC38D6A23EF096C003EABD8 /* kati.mp3 */; };
		9DDCA96423EF0744000925D7 /* AppDelegate.swift in Sources */ = {isa = PBXBuildFile; fileRef = 9DDCA96323EF0744000925D7 /* AppDelegate.swift */; };
		9DDCA96623EF0744000925D7 /* SceneDelegate.swift in Sources */ = {isa = PBXBuildFile; fileRef = 9DDCA96523EF0744000925D7 /* SceneDelegate.swift */; };
		9DDCA96823EF0744000925D7 /* ViewController.swift in Sources */ = {isa = PBXBuildFile; fileRef = 9DDCA96723EF0744000925D7 /* ViewController.swift */; };
		9DDCA96B23EF0744000925D7 /* Main.storyboard in Resources */ = {isa = PBXBuildFile; fileRef = 9DDCA96923EF0744000925D7 /* Main.storyboard */; };
		9DDCA96D23EF0745000925D7 /* Assets.xcassets in Resources */ = {isa = PBXBuildFile; fileRef = 9DDCA96C23EF0745000925D7 /* Assets.xcassets */; };
		9DDCA97023EF0745000925D7 /* LaunchScreen.storyboard in Resources */ = {isa = PBXBuildFile; fileRef = 9DDCA96E23EF0745000925D7 /* LaunchScreen.storyboard */; };
		9DDCA97B23EF0745000925D7 /* PANTests.swift in Sources */ = {isa = PBXBuildFile; fileRef = 9DDCA97A23EF0745000925D7 /* PANTests.swift */; };
		9DDCA98623EF0745000925D7 /* PANUITests.swift in Sources */ = {isa = PBXBuildFile; fileRef = 9DDCA98523EF0745000925D7 /* PANUITests.swift */; };
		9DE4007723F95A4A00FAC368 /* Active.png in Resources */ = {isa = PBXBuildFile; fileRef = 9DE4007323F95A4900FAC368 /* Active.png */; };
		9DE4007823F95A4A00FAC368 /* AppIcon.png in Resources */ = {isa = PBXBuildFile; fileRef = 9DE4007423F95A4900FAC368 /* AppIcon.png */; };
		9DE4007923F95A4A00FAC368 /* Inactive.png in Resources */ = {isa = PBXBuildFile; fileRef = 9DE4007523F95A4900FAC368 /* Inactive.png */; };
		9DE4007C23F95DBF00FAC368 /* background.png in Resources */ = {isa = PBXBuildFile; fileRef = 9DE4007B23F95DBF00FAC368 /* background.png */; };
		9DE4008023F96E0500FAC368 /* AppName.png in Resources */ = {isa = PBXBuildFile; fileRef = 9DE4007F23F96E0400FAC368 /* AppName.png */; };
/* End PBXBuildFile section */

/* Begin PBXContainerItemProxy section */
		9DDCA97723EF0745000925D7 /* PBXContainerItemProxy */ = {
			isa = PBXContainerItemProxy;
			containerPortal = 9DDCA95823EF0744000925D7 /* Project object */;
			proxyType = 1;
			remoteGlobalIDString = 9DDCA95F23EF0744000925D7;
			remoteInfo = PAN;
		};
		9DDCA98223EF0745000925D7 /* PBXContainerItemProxy */ = {
			isa = PBXContainerItemProxy;
			containerPortal = 9DDCA95823EF0744000925D7 /* Project object */;
			proxyType = 1;
			remoteGlobalIDString = 9DDCA95F23EF0744000925D7;
			remoteInfo = PAN;
		};
/* End PBXContainerItemProxy section */

/* Begin PBXFileReference section */
		9DC38D6A23EF096C003EABD8 /* kati.mp3 */ = {isa = PBXFileReference; lastKnownFileType = audio.mp3; path = kati.mp3; sourceTree = "<group>"; };
		9DDCA96023EF0744000925D7 /* PAN.app */ = {isa = PBXFileReference; explicitFileType = wrapper.application; includeInIndex = 0; path = PAN.app; sourceTree = BUILT_PRODUCTS_DIR; };
		9DDCA96323EF0744000925D7 /* AppDelegate.swift */ = {isa = PBXFileReference; lastKnownFileType = sourcecode.swift; path = AppDelegate.swift; sourceTree = "<group>"; };
		9DDCA96523EF0744000925D7 /* SceneDelegate.swift */ = {isa = PBXFileReference; lastKnownFileType = sourcecode.swift; path = SceneDelegate.swift; sourceTree = "<group>"; };
		9DDCA96723EF0744000925D7 /* ViewController.swift */ = {isa = PBXFileReference; lastKnownFileType = sourcecode.swift; path = ViewController.swift; sourceTree = "<group>"; };
		9DDCA96A23EF0744000925D7 /* Base */ = {isa = PBXFileReference; lastKnownFileType = file.storyboard; name = Base; path = Base.lproj/Main.storyboard; sourceTree = "<group>"; };
		9DDCA96C23EF0745000925D7 /* Assets.xcassets */ = {isa = PBXFileReference; lastKnownFileType = folder.assetcatalog; path = Assets.xcassets; sourceTree = "<group>"; };
		9DDCA96F23EF0745000925D7 /* Base */ = {isa = PBXFileReference; lastKnownFileType = file.storyboard; name = Base; path = Base.lproj/LaunchScreen.storyboard; sourceTree = "<group>"; };
		9DDCA97123EF0745000925D7 /* Info.plist */ = {isa = PBXFileReference; lastKnownFileType = text.plist.xml; path = Info.plist; sourceTree = "<group>"; };
		9DDCA97623EF0745000925D7 /* PANTests.xctest */ = {isa = PBXFileReference; explicitFileType = wrapper.cfbundle; includeInIndex = 0; path = PANTests.xctest; sourceTree = BUILT_PRODUCTS_DIR; };
		9DDCA97A23EF0745000925D7 /* PANTests.swift */ = {isa = PBXFileReference; lastKnownFileType = sourcecode.swift; path = PANTests.swift; sourceTree = "<group>"; };
		9DDCA97C23EF0745000925D7 /* Info.plist */ = {isa = PBXFileReference; lastKnownFileType = text.plist.xml; path = Info.plist; sourceTree = "<group>"; };
		9DDCA98123EF0745000925D7 /* PANUITests.xctest */ = {isa = PBXFileReference; explicitFileType = wrapper.cfbundle; includeInIndex = 0; path = PANUITests.xctest; sourceTree = BUILT_PRODUCTS_DIR; };
		9DDCA98523EF0745000925D7 /* PANUITests.swift */ = {isa = PBXFileReference; lastKnownFileType = sourcecode.swift; path = PANUITests.swift; sourceTree = "<group>"; };
		9DDCA98723EF0745000925D7 /* Info.plist */ = {isa = PBXFileReference; lastKnownFileType = text.plist.xml; path = Info.plist; sourceTree = "<group>"; };
		9DE4007323F95A4900FAC368 /* Active.png */ = {isa = PBXFileReference; lastKnownFileType = image.png; path = Active.png; sourceTree = "<group>"; };
		9DE4007423F95A4900FAC368 /* AppIcon.png */ = {isa = PBXFileReference; lastKnownFileType = image.png; path = AppIcon.png; sourceTree = "<group>"; };
		9DE4007523F95A4900FAC368 /* Inactive.png */ = {isa = PBXFileReference; lastKnownFileType = image.png; path = Inactive.png; sourceTree = "<group>"; };
		9DE4007B23F95DBF00FAC368 /* background.png */ = {isa = PBXFileReference; lastKnownFileType = image.png; path = background.png; sourceTree = "<group>"; };
		9DE4007F23F96E0400FAC368 /* AppName.png */ = {isa = PBXFileReference; lastKnownFileType = image.png; name = AppName.png; path = "../../PAN素材/AppName.png"; sourceTree = "<group>"; };
/* End PBXFileReference section */

/* Begin PBXFrameworksBuildPhase section */
		9DDCA95D23EF0744000925D7 /* Frameworks */ = {
			isa = PBXFrameworksBuildPhase;
			buildActionMask = 2147483647;
			files = (
			);
			runOnlyForDeploymentPostprocessing = 0;
		};
		9DDCA97323EF0745000925D7 /* Frameworks */ = {
			isa = PBXFrameworksBuildPhase;
			buildActionMask = 2147483647;
			files = (
			);
			runOnlyForDeploymentPostprocessing = 0;
		};
		9DDCA97E23EF0745000925D7 /* Frameworks */ = {
			isa = PBXFrameworksBuildPhase;
			buildActionMask = 2147483647;
			files = (
			);
			runOnlyForDeploymentPostprocessing = 0;
		};
/* End PBXFrameworksBuildPhase section */

/* Begin PBXGroup section */
		9DDCA95723EF0744000925D7 = {
			isa = PBXGroup;
			children = (
				9DDCA96223EF0744000925D7 /* PAN */,
				9DDCA97923EF0745000925D7 /* PANTests */,
				9DDCA98423EF0745000925D7 /* PANUITests */,
				9DDCA96123EF0744000925D7 /* Products */,
			);
			sourceTree = "<group>";
		};
		9DDCA96123EF0744000925D7 /* Products */ = {
			isa = PBXGroup;
			children = (
				9DDCA96023EF0744000925D7 /* PAN.app */,
				9DDCA97623EF0745000925D7 /* PANTests.xctest */,
				9DDCA98123EF0745000925D7 /* PANUITests.xctest */,
			);
			name = Products;
			sourceTree = "<group>";
		};
		9DDCA96223EF0744000925D7 /* PAN */ = {
			isa = PBXGroup;
			children = (
				9DC38D6A23EF096C003EABD8 /* kati.mp3 */,
				9DE4007B23F95DBF00FAC368 /* background.png */,
				9DE4007323F95A4900FAC368 /* Active.png */,
				9DE4007423F95A4900FAC368 /* AppIcon.png */,
				9DE4007523F95A4900FAC368 /* Inactive.png */,
				9DE4007F23F96E0400FAC368 /* AppName.png */,
				9DDCA96323EF0744000925D7 /* AppDelegate.swift */,
				9DDCA96523EF0744000925D7 /* SceneDelegate.swift */,
				9DDCA96723EF0744000925D7 /* ViewController.swift */,
				9DDCA96923EF0744000925D7 /* Main.storyboard */,
				9DDCA96C23EF0745000925D7 /* Assets.xcassets */,
				9DDCA96E23EF0745000925D7 /* LaunchScreen.storyboard */,
				9DDCA97123EF0745000925D7 /* Info.plist */,
			);
			path = PAN;
			sourceTree = "<group>";
		};
		9DDCA97923EF0745000925D7 /* PANTests */ = {
			isa = PBXGroup;
			children = (
				9DDCA97A23EF0745000925D7 /* PANTests.swift */,
				9DDCA97C23EF0745000925D7 /* Info.plist */,
			);
			path = PANTests;
			sourceTree = "<group>";
		};
		9DDCA98423EF0745000925D7 /* PANUITests */ = {
			isa = PBXGroup;
			children = (
				9DDCA98523EF0745000925D7 /* PANUITests.swift */,
				9DDCA98723EF0745000925D7 /* Info.plist */,
			);
			path = PANUITests;
			sourceTree = "<group>";
		};
/* End PBXGroup section */

/* Begin PBXNativeTarget section */
		9DDCA95F23EF0744000925D7 /* PAN */ = {
			isa = PBXNativeTarget;
			buildConfigurationList = 9DDCA98A23EF0745000925D7 /* Build configuration list for PBXNativeTarget "PAN" */;
			buildPhases = (
				9DDCA95C23EF0744000925D7 /* Sources */,
				9DDCA95D23EF0744000925D7 /* Frameworks */,
				9DDCA95E23EF0744000925D7 /* Resources */,
			);
			buildRules = (
			);
			dependencies = (
			);
			name = PAN;
			productName = PAN;
			productReference = 9DDCA96023EF0744000925D7 /* PAN.app */;
			productType = "com.apple.product-type.application";
		};
		9DDCA97523EF0745000925D7 /* PANTests */ = {
			isa = PBXNativeTarget;
			buildConfigurationList = 9DDCA98D23EF0745000925D7 /* Build configuration list for PBXNativeTarget "PANTests" */;
			buildPhases = (
				9DDCA97223EF0745000925D7 /* Sources */,
				9DDCA97323EF0745000925D7 /* Frameworks */,
				9DDCA97423EF0745000925D7 /* Resources */,
			);
			buildRules = (
			);
			dependencies = (
				9DDCA97823EF0745000925D7 /* PBXTargetDependency */,
			);
			name = PANTests;
			productName = PANTests;
			productReference = 9DDCA97623EF0745000925D7 /* PANTests.xctest */;
			productType = "com.apple.product-type.bundle.unit-test";
		};
		9DDCA98023EF0745000925D7 /* PANUITests */ = {
			isa = PBXNativeTarget;
			buildConfigurationList = 9DDCA99023EF0745000925D7 /* Build configuration list for PBXNativeTarget "PANUITests" */;
			buildPhases = (
				9DDCA97D23EF0745000925D7 /* Sources */,
				9DDCA97E23EF0745000925D7 /* Frameworks */,
				9DDCA97F23EF0745000925D7 /* Resources */,
			);
			buildRules = (
			);
			dependencies = (
				9DDCA98323EF0745000925D7 /* PBXTargetDependency */,
			);
			name = PANUITests;
			productName = PANUITests;
			productReference = 9DDCA98123EF0745000925D7 /* PANUITests.xctest */;
			productType = "com.apple.product-type.bundle.ui-testing";
		};
/* End PBXNativeTarget section */

/* Begin PBXProject section */
		9DDCA95823EF0744000925D7 /* Project object */ = {
			isa = PBXProject;
			attributes = {
				LastSwiftUpdateCheck = 1130;
				LastUpgradeCheck = 1130;
				ORGANIZATIONNAME = "二宮啓";
				TargetAttributes = {
					9DDCA95F23EF0744000925D7 = {
						CreatedOnToolsVersion = 11.3;
					};
					9DDCA97523EF0745000925D7 = {
						CreatedOnToolsVersion = 11.3;
						TestTargetID = 9DDCA95F23EF0744000925D7;
					};
					9DDCA98023EF0745000925D7 = {
						CreatedOnToolsVersion = 11.3;
						TestTargetID = 9DDCA95F23EF0744000925D7;
					};
				};
			};
			buildConfigurationList = 9DDCA95B23EF0744000925D7 /* Build configuration list for PBXProject "PAN" */;
			compatibilityVersion = "Xcode 9.3";
			developmentRegion = en;
			hasScannedForEncodings = 0;
			knownRegions = (
				en,
				Base,
			);
			mainGroup = 9DDCA95723EF0744000925D7;
			productRefGroup = 9DDCA96123EF0744000925D7 /* Products */;
			projectDirPath = "";
			projectRoot = "";
			targets = (
				9DDCA95F23EF0744000925D7 /* PAN */,
				9DDCA97523EF0745000925D7 /* PANTests */,
				9DDCA98023EF0745000925D7 /* PANUITests */,
			);
		};
/* End PBXProject section */

/* Begin PBXResourcesBuildPhase section */
		9DDCA95E23EF0744000925D7 /* Resources */ = {
			isa = PBXResourcesBuildPhase;
			buildActionMask = 2147483647;
			files = (
				9DC38D6B23EF096C003EABD8 /* kati.mp3 in Resources */,
				9DDCA97023EF0745000925D7 /* LaunchScreen.storyboard in Resources */,
				9DE4007923F95A4A00FAC368 /* Inactive.png in Resources */,
				9DE4007823F95A4A00FAC368 /* AppIcon.png in Resources */,
				9DE4008023F96E0500FAC368 /* AppName.png in Resources */,
				9DDCA96D23EF0745000925D7 /* Assets.xcassets in Resources */,
				9DDCA96B23EF0744000925D7 /* Main.storyboard in Resources */,
				9DE4007C23F95DBF00FAC368 /* background.png in Resources */,
				9DE4007723F95A4A00FAC368 /* Active.png in Resources */,
			);
			runOnlyForDeploymentPostprocessing = 0;
		};
		9DDCA97423EF0745000925D7 /* Resources */ = {
			isa = PBXResourcesBuildPhase;
			buildActionMask = 2147483647;
			files = (
			);
			runOnlyForDeploymentPostprocessing = 0;
		};
		9DDCA97F23EF0745000925D7 /* Resources */ = {
			isa = PBXResourcesBuildPhase;
			buildActionMask = 2147483647;
			files = (
			);
			runOnlyForDeploymentPostprocessing = 0;
		};
/* End PBXResourcesBuildPhase section */

/* Begin PBXSourcesBuildPhase section */
		9DDCA95C23EF0744000925D7 /* Sources */ = {
			isa = PBXSourcesBuildPhase;
			buildActionMask = 2147483647;
			files = (
				9DDCA96823EF0744000925D7 /* ViewController.swift in Sources */,
				9DDCA96423EF0744000925D7 /* AppDelegate.swift in Sources */,
				9DDCA96623EF0744000925D7 /* SceneDelegate.swift in Sources */,
			);
			runOnlyForDeploymentPostprocessing = 0;
		};
		9DDCA97223EF0745000925D7 /* Sources */ = {
			isa = PBXSourcesBuildPhase;
			buildActionMask = 2147483647;
			files = (
				9DDCA97B23EF0745000925D7 /* PANTests.swift in Sources */,
			);
			runOnlyForDeploymentPostprocessing = 0;
		};
		9DDCA97D23EF0745000925D7 /* Sources */ = {
			isa = PBXSourcesBuildPhase;
			buildActionMask = 2147483647;
			files = (
				9DDCA98623EF0745000925D7 /* PANUITests.swift in Sources */,
			);
			runOnlyForDeploymentPostprocessing = 0;
		};
/* End PBXSourcesBuildPhase section */

/* Begin PBXTargetDependency section */
		9DDCA97823EF0745000925D7 /* PBXTargetDependency */ = {
			isa = PBXTargetDependency;
			target = 9DDCA95F23EF0744000925D7 /* PAN */;
			targetProxy = 9DDCA97723EF0745000925D7 /* PBXContainerItemProxy */;
		};
		9DDCA98323EF0745000925D7 /* PBXTargetDependency */ = {
			isa = PBXTargetDependency;
			target = 9DDCA95F23EF0744000925D7 /* PAN */;
			targetProxy = 9DDCA98223EF0745000925D7 /* PBXContainerItemProxy */;
		};
/* End PBXTargetDependency section */

/* Begin PBXVariantGroup section */
		9DDCA96923EF0744000925D7 /* Main.storyboard */ = {
			isa = PBXVariantGroup;
			children = (
				9DDCA96A23EF0744000925D7 /* Base */,
			);
			name = Main.storyboard;
			sourceTree = "<group>";
		};
		9DDCA96E23EF0745000925D7 /* LaunchScreen.storyboard */ = {
			isa = PBXVariantGroup;
			children = (
				9DDCA96F23EF0745000925D7 /* Base */,
			);
			name = LaunchScreen.storyboard;
			sourceTree = "<group>";
		};
/* End PBXVariantGroup section */

/* Begin XCBuildConfiguration section */
		9DDCA98823EF0745000925D7 /* Debug */ = {
			isa = XCBuildConfiguration;
			buildSettings = {
				ALWAYS_SEARCH_USER_PATHS = NO;
				CLANG_ANALYZER_NONNULL = YES;
				CLANG_ANALYZER_NUMBER_OBJECT_CONVERSION = YES_AGGRESSIVE;
				CLANG_CXX_LANGUAGE_STANDARD = "gnu++14";
				CLANG_CXX_LIBRARY = "libc++";
				CLANG_ENABLE_MODULES = YES;
				CLANG_ENABLE_OBJC_ARC = YES;
				CLANG_ENABLE_OBJC_WEAK = YES;
				CLANG_WARN_BLOCK_CAPTURE_AUTORELEASING = YES;
				CLANG_WARN_BOOL_CONVERSION = YES;
				CLANG_WARN_COMMA = YES;
				CLANG_WARN_CONSTANT_CONVERSION = YES;
				CLANG_WARN_DEPRECATED_OBJC_IMPLEMENTATIONS = YES;
				CLANG_WARN_DIRECT_OBJC_ISA_USAGE = YES_ERROR;
				CLANG_WARN_DOCUMENTATION_COMMENTS = YES;
				CLANG_WARN_EMPTY_BODY = YES;
				CLANG_WARN_ENUM_CONVERSION = YES;
				CLANG_WARN_INFINITE_RECURSION = YES;
				CLANG_WARN_INT_CONVERSION = YES;
				CLANG_WARN_NON_LITERAL_NULL_CONVERSION = YES;
				CLANG_WARN_OBJC_IMPLICIT_RETAIN_SELF = YES;
				CLANG_WARN_OBJC_LITERAL_CONVERSION = YES;
				CLANG_WARN_OBJC_ROOT_CLASS = YES_ERROR;
				CLANG_WARN_RANGE_LOOP_ANALYSIS = YES;
				CLANG_WARN_STRICT_PROTOTYPES = YES;
				CLANG_WARN_SUSPICIOUS_MOVE = YES;
				CLANG_WARN_UNGUARDED_AVAILABILITY = YES_AGGRESSIVE;
				CLANG_WARN_UNREACHABLE_CODE = YES;
				CLANG_WARN__DUPLICATE_METHOD_MATCH = YES;
				COPY_PHASE_STRIP = NO;
				DEBUG_INFORMATION_FORMAT = dwarf;
				ENABLE_STRICT_OBJC_MSGSEND = YES;
				ENABLE_TESTABILITY = YES;
				GCC_C_LANGUAGE_STANDARD = gnu11;
				GCC_DYNAMIC_NO_PIC = NO;
				GCC_NO_COMMON_BLOCKS = YES;
				GCC_OPTIMIZATION_LEVEL = 0;
				GCC_PREPROCESSOR_DEFINITIONS = (
					"DEBUG=1",
					"$(inherited)",
				);
				GCC_WARN_64_TO_32_BIT_CONVERSION = YES;
				GCC_WARN_ABOUT_RETURN_TYPE = YES_ERROR;
				GCC_WARN_UNDECLARED_SELECTOR = YES;
				GCC_WARN_UNINITIALIZED_AUTOS = YES_AGGRESSIVE;
				GCC_WARN_UNUSED_FUNCTION = YES;
				GCC_WARN_UNUSED_VARIABLE = YES;
				IPHONEOS_DEPLOYMENT_TARGET = 13.2;
				MTL_ENABLE_DEBUG_INFO = INCLUDE_SOURCE;
				MTL_FAST_MATH = YES;
				ONLY_ACTIVE_ARCH = YES;
				SDKROOT = iphoneos;
				SWIFT_ACTIVE_COMPILATION_CONDITIONS = DEBUG;
				SWIFT_OPTIMIZATION_LEVEL = "-Onone";
			};
			name = Debug;
		};
		9DDCA98923EF0745000925D7 /* Release */ = {
			isa = XCBuildConfiguration;
			buildSettings = {
				ALWAYS_SEARCH_USER_PATHS = NO;
				CLANG_ANALYZER_NONNULL = YES;
				CLANG_ANALYZER_NUMBER_OBJECT_CONVERSION = YES_AGGRESSIVE;
				CLANG_CXX_LANGUAGE_STANDARD = "gnu++14";
				CLANG_CXX_LIBRARY = "libc++";
				CLANG_ENABLE_MODULES = YES;
				CLANG_ENABLE_OBJC_ARC = YES;
				CLANG_ENABLE_OBJC_WEAK = YES;
				CLANG_WARN_BLOCK_CAPTURE_AUTORELEASING = YES;
				CLANG_WARN_BOOL_CONVERSION = YES;
				CLANG_WARN_COMMA = YES;
				CLANG_WARN_CONSTANT_CONVERSION = YES;
				CLANG_WARN_DEPRECATED_OBJC_IMPLEMENTATIONS = YES;
				CLANG_WARN_DIRECT_OBJC_ISA_USAGE = YES_ERROR;
				CLANG_WARN_DOCUMENTATION_COMMENTS = YES;
				CLANG_WARN_EMPTY_BODY = YES;
				CLANG_WARN_ENUM_CONVERSION = YES;
				CLANG_WARN_INFINITE_RECURSION = YES;
				CLANG_WARN_INT_CONVERSION = YES;
				CLANG_WARN_NON_LITERAL_NULL_CONVERSION = YES;
				CLANG_WARN_OBJC_IMPLICIT_RETAIN_SELF = YES;
				CLANG_WARN_OBJC_LITERAL_CONVERSION = YES;
				CLANG_WARN_OBJC_ROOT_CLASS = YES_ERROR;
				CLANG_WARN_RANGE_LOOP_ANALYSIS = YES;
				CLANG_WARN_STRICT_PROTOTYPES = YES;
				CLANG_WARN_SUSPICIOUS_MOVE = YES;
				CLANG_WARN_UNGUARDED_AVAILABILITY = YES_AGGRESSIVE;
				CLANG_WARN_UNREACHABLE_CODE = YES;
				CLANG_WARN__DUPLICATE_METHOD_MATCH = YES;
				COPY_PHASE_STRIP = NO;
				DEBUG_INFORMATION_FORMAT = "dwarf-with-dsym";
				ENABLE_NS_ASSERTIONS = NO;
				ENABLE_STRICT_OBJC_MSGSEND = YES;
				GCC_C_LANGUAGE_STANDARD = gnu11;
				GCC_NO_COMMON_BLOCKS = YES;
				GCC_WARN_64_TO_32_BIT_CONVERSION = YES;
				GCC_WARN_ABOUT_RETURN_TYPE = YES_ERROR;
				GCC_WARN_UNDECLARED_SELECTOR = YES;
				GCC_WARN_UNINITIALIZED_AUTOS = YES_AGGRESSIVE;
				GCC_WARN_UNUSED_FUNCTION = YES;
				GCC_WARN_UNUSED_VARIABLE = YES;
				IPHONEOS_DEPLOYMENT_TARGET = 13.2;
				MTL_ENABLE_DEBUG_INFO = NO;
				MTL_FAST_MATH = YES;
				SDKROOT = iphoneos;
				SWIFT_COMPILATION_MODE = wholemodule;
				SWIFT_OPTIMIZATION_LEVEL = "-O";
				VALIDATE_PRODUCT = YES;
			};
			name = Release;
		};
		9DDCA98B23EF0745000925D7 /* Debug */ = {
			isa = XCBuildConfiguration;
			buildSettings = {
				ASSETCATALOG_COMPILER_APPICON_NAME = AppIcon;
				CODE_SIGN_STYLE = Automatic;
				CURRENT_PROJECT_VERSION = 1.0.1;
				DEVELOPMENT_TEAM = LD239J59KZ;
				INFOPLIST_FILE = PAN/Info.plist;
				LD_RUNPATH_SEARCH_PATHS = (
					"$(inherited)",
					"@executable_path/Frameworks",
				);
				MARKETING_VERSION = 1.0;
				PRODUCT_BUNDLE_IDENTIFIER = nino.MugenPutiPuti;
				PRODUCT_NAME = "$(TARGET_NAME)";
				SWIFT_VERSION = 5.0;
				TARGETED_DEVICE_FAMILY = "1,2";
			};
			name = Debug;
		};
		9DDCA98C23EF0745000925D7 /* Release */ = {
			isa = XCBuildConfiguration;
			buildSettings = {
				ASSETCATALOG_COMPILER_APPICON_NAME = AppIcon;
				CODE_SIGN_STYLE = Automatic;
				CURRENT_PROJECT_VERSION = 1.0.1;
				DEVELOPMENT_TEAM = LD239J59KZ;
				INFOPLIST_FILE = PAN/Info.plist;
				LD_RUNPATH_SEARCH_PATHS = (
					"$(inherited)",
					"@executable_path/Frameworks",
				);
				MARKETING_VERSION = 1.0;
				PRODUCT_BUNDLE_IDENTIFIER = nino.MugenPutiPuti;
				PRODUCT_NAME = "$(TARGET_NAME)";
				SWIFT_VERSION = 5.0;
				TARGETED_DEVICE_FAMILY = "1,2";
			};
			name = Release;
		};
		9DDCA98E23EF0745000925D7 /* Debug */ = {
			isa = XCBuildConfiguration;
			buildSettings = {
				ALWAYS_EMBED_SWIFT_STANDARD_LIBRARIES = YES;
				BUNDLE_LOADER = "$(TEST_HOST)";
				CODE_SIGN_STYLE = Automatic;
				DEVELOPMENT_TEAM = L34K8NAVRA;
				INFOPLIST_FILE = PANTests/Info.plist;
				IPHONEOS_DEPLOYMENT_TARGET = 13.2;
				LD_RUNPATH_SEARCH_PATHS = (
					"$(inherited)",
					"@executable_path/Frameworks",
					"@loader_path/Frameworks",
				);
				PRODUCT_BUNDLE_IDENTIFIER = nino.PANTests;
				PRODUCT_NAME = "$(TARGET_NAME)";
				SWIFT_VERSION = 5.0;
				TARGETED_DEVICE_FAMILY = "1,2";
				TEST_HOST = "$(BUILT_PRODUCTS_DIR)/PAN.app/PAN";
			};
			name = Debug;
		};
		9DDCA98F23EF0745000925D7 /* Release */ = {
			isa = XCBuildConfiguration;
			buildSettings = {
				ALWAYS_EMBED_SWIFT_STANDARD_LIBRARIES = YES;
				BUNDLE_LOADER = "$(TEST_HOST)";
				CODE_SIGN_STYLE = Automatic;
				DEVELOPMENT_TEAM = L34K8NAVRA;
				INFOPLIST_FILE = PANTests/Info.plist;
				IPHONEOS_DEPLOYMENT_TARGET = 13.2;
				LD_RUNPATH_SEARCH_PATHS = (
					"$(inherited)",
					"@executable_path/Frameworks",
					"@loader_path/Frameworks",
				);
				PRODUCT_BUNDLE_IDENTIFIER = nino.PANTests;
				PRODUCT_NAME = "$(TARGET_NAME)";
				SWIFT_VERSION = 5.0;
				TARGETED_DEVICE_FAMILY = "1,2";
				TEST_HOST = "$(BUILT_PRODUCTS_DIR)/PAN.app/PAN";
			};
			name = Release;
		};
		9DDCA99123EF0745000925D7 /* Debug */ = {
			isa = XCBuildConfiguration;
			buildSettings = {
				ALWAYS_EMBED_SWIFT_STANDARD_LIBRARIES = YES;
				CODE_SIGN_STYLE = Automatic;
				DEVELOPMENT_TEAM = L34K8NAVRA;
				INFOPLIST_FILE = PANUITests/Info.plist;
				LD_RUNPATH_SEARCH_PATHS = (
					"$(inherited)",
					"@executable_path/Frameworks",
					"@loader_path/Frameworks",
				);
				PRODUCT_BUNDLE_IDENTIFIER = nino.PANUITests;
				PRODUCT_NAME = "$(TARGET_NAME)";
				SWIFT_VERSION = 5.0;
				TARGETED_DEVICE_FAMILY = "1,2";
				TEST_TARGET_NAME = PAN;
			};
			name = Debug;
		};
		9DDCA99223EF0745000925D7 /* Release */ = {
			isa = XCBuildConfiguration;
			buildSettings = {
				ALWAYS_EMBED_SWIFT_STANDARD_LIBRARIES = YES;
				CODE_SIGN_STYLE = Automatic;
				DEVELOPMENT_TEAM = L34K8NAVRA;
				INFOPLIST_FILE = PANUITests/Info.plist;
				LD_RUNPATH_SEARCH_PATHS = (
					"$(inherited)",
					"@executable_path/Frameworks",
					"@loader_path/Frameworks",
				);
				PRODUCT_BUNDLE_IDENTIFIER = nino.PANUITests;
				PRODUCT_NAME = "$(TARGET_NAME)";
				SWIFT_VERSION = 5.0;
				TARGETED_DEVICE_FAMILY = "1,2";
				TEST_TARGET_NAME = PAN;
			};
			name = Release;
		};
/* End XCBuildConfiguration section */

/* Begin XCConfigurationList section */
		9DDCA95B23EF0744000925D7 /* Build configuration list for PBXProject "PAN" */ = {
			isa = XCConfigurationList;
			buildConfigurations = (
				9DDCA98823EF0745000925D7 /* Debug */,
				9DDCA98923EF0745000925D7 /* Release */,
			);
			defaultConfigurationIsVisible = 0;
			defaultConfigurationName = Release;
		};
		9DDCA98A23EF0745000925D7 /* Build configuration list for PBXNativeTarget "PAN" */ = {
			isa = XCConfigurationList;
			buildConfigurations = (
				9DDCA98B23EF0745000925D7 /* Debug */,
				9DDCA98C23EF0745000925D7 /* Release */,
			);
			defaultConfigurationIsVisible = 0;
			defaultConfigurationName = Release;
		};
		9DDCA98D23EF0745000925D7 /* Build configuration list for PBXNativeTarget "PANTests" */ = {
			isa = XCConfigurationList;
			buildConfigurations = (
				9DDCA98E23EF0745000925D7 /* Debug */,
				9DDCA98F23EF0745000925D7 /* Release */,
			);
			defaultConfigurationIsVisible = 0;
			defaultConfigurationName = Release;
		};
		9DDCA99023EF0745000925D7 /* Build configuration list for PBXNativeTarget "PANUITests" */ = {
			isa = XCConfigurationList;
			buildConfigurations = (
				9DDCA99123EF0745000925D7 /* Debug */,
				9DDCA99223EF0745000925D7 /* Release */,
			);
			defaultConfigurationIsVisible = 0;
			defaultConfigurationName = Release;
		};
/* End XCConfigurationList section */
	};
	rootObject = 9DDCA95823EF0744000925D7 /* Project object */;
}
